{
  "name": "@datastreamapp/data-schema",
  "version": "2.27.0",
  "lockfileVersion": 3,
  "requires": true,
  "packages": {
    "": {
      "name": "@datastreamapp/data-schema",
      "version": "2.27.0",
      "license": "MIT",
      "dependencies": {
        "wqx": "3.0.223"
      },
      "devDependencies": {
        "change-case": "^5.0.0"
      }
    },
    "node_modules/change-case": {
      "version": "5.4.4",
      "resolved": "https://registry.npmjs.org/change-case/-/change-case-5.4.4.tgz",
      "integrity": "sha512-HRQyTk2/YPEkt9TnUPbOpr64Uw3KOicFWPVBb+xiHvd6eBx/qPr9xqfBFDT8P2vWsvvz4jbEkfDe71W3VyNu2w==",
      "dev": true,
      "license": "MIT"
    },
    "node_modules/wqx": {
      "version": "3.0.223",
      "resolved": "https://registry.npmjs.org/wqx/-/wqx-3.0.223.tgz",
      "integrity": "sha512-fmBf5dmYxWe7Se5p64GPeFK7MpfhJT3m//4JnxUSWEcGoJ2ki9yjapEuFPGe/NiJK1o8wtku5o9J+gFTSvAHsQ==",
      "license": "MIT"
    }
  }
}
