{
  "name": "@datastreamapp/data-schema",
  "version": "2.23.2",
  "lockfileVersion": 3,
  "requires": true,
  "packages": {
    "": {
      "name": "@datastreamapp/data-schema",
      "version": "2.23.2",
      "license": "MIT",
      "dependencies": {
        "wqx": "3.0.185"
      },
      "devDependencies": {
        "change-case": "^5.0.0"
      }
    },
    "node_modules/change-case": {
      "version": "5.4.4",
      "resolved": "https://registry.npmjs.org/change-case/-/change-case-5.4.4.tgz",
      "integrity": "sha512-HRQyTk2/YPEkt9TnUPbOpr64Uw3KOicFWPVBb+xiHvd6eBx/qPr9xqfBFDT8P2vWsvvz4jbEkfDe71W3VyNu2w==",
      "dev": true,
      "license": "MIT"
    },
    "node_modules/wqx": {
      "version": "3.0.185",
      "resolved": "https://registry.npmjs.org/wqx/-/wqx-3.0.185.tgz",
      "integrity": "sha512-NNU07V3YnsWLmLigXRymAyC+rgp4jXb0wMH5bd2LIk3l2cqhGb7t6qCK0gk9wFY9CRP7cVIacv0LK3eHLK55PQ==",
      "license": "MIT"
    }
  }
}
