{
  "name": "@datastreamapp/data-schema",
  "version": "2.24.7",
  "lockfileVersion": 3,
  "requires": true,
  "packages": {
    "": {
      "name": "@datastreamapp/data-schema",
      "version": "2.24.7",
      "license": "MIT",
      "dependencies": {
        "wqx": "3.0.193"
      },
      "devDependencies": {
        "change-case": "^5.0.0"
      }
    },
    "node_modules/change-case": {
      "version": "5.4.4",
      "resolved": "https://registry.npmjs.org/change-case/-/change-case-5.4.4.tgz",
      "integrity": "sha512-HRQyTk2/YPEkt9TnUPbOpr64Uw3KOicFWPVBb+xiHvd6eBx/qPr9xqfBFDT8P2vWsvvz4jbEkfDe71W3VyNu2w==",
      "dev": true,
      "license": "MIT"
    },
    "node_modules/wqx": {
      "version": "3.0.193",
      "resolved": "https://registry.npmjs.org/wqx/-/wqx-3.0.193.tgz",
      "integrity": "sha512-51u27cu9wgNRjQw0+9+zJMt4E0cd9+zINffPQUpjj+2mwND0yLnypk+NMtLGMQrdzPps7oYl0L0ciz8RbMgkgw==",
      "license": "MIT"
    }
  }
}
